// !$*UTF8*$!
{
	archiveVersion = 1;
	classes = {
	};
	objectVersion = 46;
	objects = {

/* Begin PBXBuildFile section */
		2C3C024B323BB6C9B8D4D73D /* libPods-Celebrator.a in Frameworks */ = {isa = PBXBuildFile; fileRef = 12A21319DD29ABDBCFAFE7FE /* libPods-Celebrator.a */; };
		522E8D6E1DED0CC8006C38D6 /* Recipient.m in Sources */ = {isa = PBXBuildFile; fileRef = 522E8D6D1DED0CC8006C38D6 /* Recipient.m */; };
		522E8D711DED12E8006C38D6 /* CelebrationRealm.m in Sources */ = {isa = PBXBuildFile; fileRef = 522E8D701DED12E8006C38D6 /* CelebrationRealm.m */; };
		522E8D781DEE143F006C38D6 /* RecipientListView.m in Sources */ = {isa = PBXBuildFile; fileRef = 522E8D771DEE143F006C38D6 /* RecipientListView.m */; };
		522E8D7B1DEE14DF006C38D6 /* ListViewCell.m in Sources */ = {isa = PBXBuildFile; fileRef = 522E8D7A1DEE14DF006C38D6 /* ListViewCell.m */; };
		522E8D7E1DEE39AA006C38D6 /* RecipientTableViewController.m in Sources */ = {isa = PBXBuildFile; fileRef = 522E8D7D1DEE39AA006C38D6 /* RecipientTableViewController.m */; };
		522E8D841DEE417D006C38D6 /* RecipientListDetailViewController.m in Sources */ = {isa = PBXBuildFile; fileRef = 522E8D831DEE417D006C38D6 /* RecipientListDetailViewController.m */; };
		B000CE8B1DEA2C86008BB9AC /* main.m in Sources */ = {isa = PBXBuildFile; fileRef = B000CE8A1DEA2C86008BB9AC /* main.m */; };
		B000CE8E1DEA2C86008BB9AC /* AppDelegate.m in Sources */ = {isa = PBXBuildFile; fileRef = B000CE8D1DEA2C86008BB9AC /* AppDelegate.m */; };
		B000CE941DEA2C86008BB9AC /* Main.storyboard in Resources */ = {isa = PBXBuildFile; fileRef = B000CE921DEA2C86008BB9AC /* Main.storyboard */; };
		B000CE961DEA2C86008BB9AC /* Assets.xcassets in Resources */ = {isa = PBXBuildFile; fileRef = B000CE951DEA2C86008BB9AC /* Assets.xcassets */; };
		B000CE991DEA2C86008BB9AC /* LaunchScreen.storyboard in Resources */ = {isa = PBXBuildFile; fileRef = B000CE971DEA2C86008BB9AC /* LaunchScreen.storyboard */; };
		B02EFFD11DECEFE1000DCA97 /* CalendarDetailView.m in Sources */ = {isa = PBXBuildFile; fileRef = B02EFFD01DECEFE1000DCA97 /* CalendarDetailView.m */; };
		B02EFFD41DED0CCE000DCA97 /* CalDetailViewController.m in Sources */ = {isa = PBXBuildFile; fileRef = B02EFFD31DED0CCE000DCA97 /* CalDetailViewController.m */; };
		B040A61F1DEA4767009BFC7F /* CalendarViewController.m in Sources */ = {isa = PBXBuildFile; fileRef = B040A61E1DEA4767009BFC7F /* CalendarViewController.m */; };
		B048A8FE1DEFC43300830A3B /* CalendarTableViewController.m in Sources */ = {isa = PBXBuildFile; fileRef = B048A8FD1DEFC43300830A3B /* CalendarTableViewController.m */; };
		B048A9011DEFDB1200830A3B /* CalendarTableViewCell.m in Sources */ = {isa = PBXBuildFile; fileRef = B048A9001DEFDB1200830A3B /* CalendarTableViewCell.m */; };
		B04D8EB61DECE7CB0082C9C1 /* CalendarBranch.storyboard in Resources */ = {isa = PBXBuildFile; fileRef = B04D8EB51DECE7CB0082C9C1 /* CalendarBranch.storyboard */; };
		B04D8EB81DECE7E80082C9C1 /* RecipientBranch.storyboard in Resources */ = {isa = PBXBuildFile; fileRef = B04D8EB71DECE7E80082C9C1 /* RecipientBranch.storyboard */; };
		B04D8EBA1DECE8210082C9C1 /* ListBranch.storyboard in Resources */ = {isa = PBXBuildFile; fileRef = B04D8EB91DECE8210082C9C1 /* ListBranch.storyboard */; };
		B05505801DF08D48003991C0 /* CalendarDetailTableViewCell.m in Sources */ = {isa = PBXBuildFile; fileRef = B055057F1DF08D48003991C0 /* CalendarDetailTableViewCell.m */; };
		B07560A01DECDEE2009432A0 /* AddRecipientViewController.m in Sources */ = {isa = PBXBuildFile; fileRef = B075609F1DECDEE2009432A0 /* AddRecipientViewController.m */; };
		B07560A41DECE03E009432A0 /* Celebration.m in Sources */ = {isa = PBXBuildFile; fileRef = B0ECEE641DEA6AD500A215DD /* Celebration.m */; };
		B0D38BC51DEE30F800D9B770 /* DropDownRecipientViewController.m in Sources */ = {isa = PBXBuildFile; fileRef = B0D38BC41DEE30F800D9B770 /* DropDownRecipientViewController.m */; };
		B0D38BC81DEE6A7F00D9B770 /* CelebrationDropDown.m in Sources */ = {isa = PBXBuildFile; fileRef = B0D38BC71DEE6A7F00D9B770 /* CelebrationDropDown.m */; };
		B0D38BCB1DEE84AE00D9B770 /* AddCelebrationViewController.m in Sources */ = {isa = PBXBuildFile; fileRef = B0D38BCA1DEE84AE00D9B770 /* AddCelebrationViewController.m */; };
/* End PBXBuildFile section */

/* Begin PBXFileReference section */
		12A21319DD29ABDBCFAFE7FE /* libPods-Celebrator.a */ = {isa = PBXFileReference; explicitFileType = archive.ar; includeInIndex = 0; path = "libPods-Celebrator.a"; sourceTree = BUILT_PRODUCTS_DIR; };
		522E8D6C1DED0CC8006C38D6 /* Recipient.h */ = {isa = PBXFileReference; fileEncoding = 4; lastKnownFileType = sourcecode.c.h; path = Recipient.h; sourceTree = "<group>"; };
		522E8D6D1DED0CC8006C38D6 /* Recipient.m */ = {isa = PBXFileReference; fileEncoding = 4; lastKnownFileType = sourcecode.c.objc; path = Recipient.m; sourceTree = "<group>"; };
		522E8D6F1DED12E8006C38D6 /* CelebrationRealm.h */ = {isa = PBXFileReference; fileEncoding = 4; lastKnownFileType = sourcecode.c.h; path = CelebrationRealm.h; sourceTree = "<group>"; };
		522E8D701DED12E8006C38D6 /* CelebrationRealm.m */ = {isa = PBXFileReference; fileEncoding = 4; lastKnownFileType = sourcecode.c.objc; path = CelebrationRealm.m; sourceTree = "<group>"; };
		522E8D721DED2677006C38D6 /* ModelProtocols.h */ = {isa = PBXFileReference; lastKnownFileType = sourcecode.c.h; path = ModelProtocols.h; sourceTree = "<group>"; };
		522E8D761DEE143F006C38D6 /* RecipientListView.h */ = {isa = PBXFileReference; fileEncoding = 4; lastKnownFileType = sourcecode.c.h; path = RecipientListView.h; sourceTree = "<group>"; };
		522E8D771DEE143F006C38D6 /* RecipientListView.m */ = {isa = PBXFileReference; fileEncoding = 4; lastKnownFileType = sourcecode.c.objc; path = RecipientListView.m; sourceTree = "<group>"; };
		522E8D791DEE14DF006C38D6 /* ListViewCell.h */ = {isa = PBXFileReference; fileEncoding = 4; lastKnownFileType = sourcecode.c.h; path = ListViewCell.h; sourceTree = "<group>"; };
		522E8D7A1DEE14DF006C38D6 /* ListViewCell.m */ = {isa = PBXFileReference; fileEncoding = 4; lastKnownFileType = sourcecode.c.objc; path = ListViewCell.m; sourceTree = "<group>"; };
		522E8D7C1DEE39AA006C38D6 /* RecipientTableViewController.h */ = {isa = PBXFileReference; fileEncoding = 4; lastKnownFileType = sourcecode.c.h; path = RecipientTableViewController.h; sourceTree = "<group>"; };
		522E8D7D1DEE39AA006C38D6 /* RecipientTableViewController.m */ = {isa = PBXFileReference; fileEncoding = 4; lastKnownFileType = sourcecode.c.objc; path = RecipientTableViewController.m; sourceTree = "<group>"; };
		522E8D821DEE417D006C38D6 /* RecipientListDetailViewController.h */ = {isa = PBXFileReference; fileEncoding = 4; lastKnownFileType = sourcecode.c.h; path = RecipientListDetailViewController.h; sourceTree = "<group>"; };
		522E8D831DEE417D006C38D6 /* RecipientListDetailViewController.m */ = {isa = PBXFileReference; fileEncoding = 4; lastKnownFileType = sourcecode.c.objc; path = RecipientListDetailViewController.m; sourceTree = "<group>"; };
		880037F9CC4A4A6BCB0BEA17 /* Pods-Celebrator.release.xcconfig */ = {isa = PBXFileReference; includeInIndex = 1; lastKnownFileType = text.xcconfig; name = "Pods-Celebrator.release.xcconfig"; path = "Pods/Target Support Files/Pods-Celebrator/Pods-Celebrator.release.xcconfig"; sourceTree = "<group>"; };
		B000CE861DEA2C86008BB9AC /* Celebrator.app */ = {isa = PBXFileReference; explicitFileType = wrapper.application; includeInIndex = 0; path = Celebrator.app; sourceTree = BUILT_PRODUCTS_DIR; };
		B000CE8A1DEA2C86008BB9AC /* main.m */ = {isa = PBXFileReference; lastKnownFileType = sourcecode.c.objc; path = main.m; sourceTree = "<group>"; };
		B000CE8C1DEA2C86008BB9AC /* AppDelegate.h */ = {isa = PBXFileReference; lastKnownFileType = sourcecode.c.h; path = AppDelegate.h; sourceTree = "<group>"; };
		B000CE8D1DEA2C86008BB9AC /* AppDelegate.m */ = {isa = PBXFileReference; lastKnownFileType = sourcecode.c.objc; path = AppDelegate.m; sourceTree = "<group>"; };
		B000CE931DEA2C86008BB9AC /* Base */ = {isa = PBXFileReference; lastKnownFileType = file.storyboard; name = Base; path = Base.lproj/Main.storyboard; sourceTree = "<group>"; };
		B000CE951DEA2C86008BB9AC /* Assets.xcassets */ = {isa = PBXFileReference; lastKnownFileType = folder.assetcatalog; path = Assets.xcassets; sourceTree = "<group>"; };
		B000CE981DEA2C86008BB9AC /* Base */ = {isa = PBXFileReference; lastKnownFileType = file.storyboard; name = Base; path = Base.lproj/LaunchScreen.storyboard; sourceTree = "<group>"; };
		B000CE9A1DEA2C86008BB9AC /* Info.plist */ = {isa = PBXFileReference; lastKnownFileType = text.plist.xml; path = Info.plist; sourceTree = "<group>"; };
		B02EFFCF1DECEFE1000DCA97 /* CalendarDetailView.h */ = {isa = PBXFileReference; fileEncoding = 4; lastKnownFileType = sourcecode.c.h; path = CalendarDetailView.h; sourceTree = "<group>"; };
		B02EFFD01DECEFE1000DCA97 /* CalendarDetailView.m */ = {isa = PBXFileReference; fileEncoding = 4; lastKnownFileType = sourcecode.c.objc; path = CalendarDetailView.m; sourceTree = "<group>"; };
		B02EFFD21DED0CCE000DCA97 /* CalDetailViewController.h */ = {isa = PBXFileReference; fileEncoding = 4; lastKnownFileType = sourcecode.c.h; path = CalDetailViewController.h; sourceTree = "<group>"; };
		B02EFFD31DED0CCE000DCA97 /* CalDetailViewController.m */ = {isa = PBXFileReference; fileEncoding = 4; lastKnownFileType = sourcecode.c.objc; path = CalDetailViewController.m; sourceTree = "<group>"; };
		B02EFFD51DED101F000DCA97 /* CalendarViewControllerDelegate.h */ = {isa = PBXFileReference; fileEncoding = 4; lastKnownFileType = sourcecode.c.h; path = CalendarViewControllerDelegate.h; sourceTree = "<group>"; };
		B040A61D1DEA4767009BFC7F /* CalendarViewController.h */ = {isa = PBXFileReference; fileEncoding = 4; lastKnownFileType = sourcecode.c.h; path = CalendarViewController.h; sourceTree = "<group>"; };
		B040A61E1DEA4767009BFC7F /* CalendarViewController.m */ = {isa = PBXFileReference; fileEncoding = 4; lastKnownFileType = sourcecode.c.objc; path = CalendarViewController.m; sourceTree = "<group>"; };
		B048A8FC1DEFC43300830A3B /* CalendarTableViewController.h */ = {isa = PBXFileReference; fileEncoding = 4; lastKnownFileType = sourcecode.c.h; path = CalendarTableViewController.h; sourceTree = "<group>"; };
		B048A8FD1DEFC43300830A3B /* CalendarTableViewController.m */ = {isa = PBXFileReference; fileEncoding = 4; lastKnownFileType = sourcecode.c.objc; path = CalendarTableViewController.m; sourceTree = "<group>"; };
		B048A8FF1DEFDB1200830A3B /* CalendarTableViewCell.h */ = {isa = PBXFileReference; fileEncoding = 4; lastKnownFileType = sourcecode.c.h; path = CalendarTableViewCell.h; sourceTree = "<group>"; };
		B048A9001DEFDB1200830A3B /* CalendarTableViewCell.m */ = {isa = PBXFileReference; fileEncoding = 4; lastKnownFileType = sourcecode.c.objc; path = CalendarTableViewCell.m; sourceTree = "<group>"; };
		B04D8EB51DECE7CB0082C9C1 /* CalendarBranch.storyboard */ = {isa = PBXFileReference; fileEncoding = 4; lastKnownFileType = file.storyboard; path = CalendarBranch.storyboard; sourceTree = "<group>"; };
		B04D8EB71DECE7E80082C9C1 /* RecipientBranch.storyboard */ = {isa = PBXFileReference; fileEncoding = 4; lastKnownFileType = file.storyboard; path = RecipientBranch.storyboard; sourceTree = "<group>"; };
		B04D8EB91DECE8210082C9C1 /* ListBranch.storyboard */ = {isa = PBXFileReference; fileEncoding = 4; lastKnownFileType = file.storyboard; path = ListBranch.storyboard; sourceTree = "<group>"; };
		B055057E1DF08D48003991C0 /* CalendarDetailTableViewCell.h */ = {isa = PBXFileReference; fileEncoding = 4; lastKnownFileType = sourcecode.c.h; path = CalendarDetailTableViewCell.h; sourceTree = "<group>"; };
		B055057F1DF08D48003991C0 /* CalendarDetailTableViewCell.m */ = {isa = PBXFileReference; fileEncoding = 4; lastKnownFileType = sourcecode.c.objc; path = CalendarDetailTableViewCell.m; sourceTree = "<group>"; };
		B075609E1DECDEE2009432A0 /* AddRecipientViewController.h */ = {isa = PBXFileReference; fileEncoding = 4; lastKnownFileType = sourcecode.c.h; path = AddRecipientViewController.h; sourceTree = "<group>"; };
		B075609F1DECDEE2009432A0 /* AddRecipientViewController.m */ = {isa = PBXFileReference; fileEncoding = 4; lastKnownFileType = sourcecode.c.objc; path = AddRecipientViewController.m; sourceTree = "<group>"; };
		B0D38BC31DEE30F800D9B770 /* DropDownRecipientViewController.h */ = {isa = PBXFileReference; fileEncoding = 4; lastKnownFileType = sourcecode.c.h; path = DropDownRecipientViewController.h; sourceTree = "<group>"; };
		B0D38BC41DEE30F800D9B770 /* DropDownRecipientViewController.m */ = {isa = PBXFileReference; fileEncoding = 4; lastKnownFileType = sourcecode.c.objc; path = DropDownRecipientViewController.m; sourceTree = "<group>"; };
		B0D38BC61DEE6A7F00D9B770 /* CelebrationDropDown.h */ = {isa = PBXFileReference; fileEncoding = 4; lastKnownFileType = sourcecode.c.h; path = CelebrationDropDown.h; sourceTree = "<group>"; };
		B0D38BC71DEE6A7F00D9B770 /* CelebrationDropDown.m */ = {isa = PBXFileReference; fileEncoding = 4; lastKnownFileType = sourcecode.c.objc; path = CelebrationDropDown.m; sourceTree = "<group>"; };
		B0D38BC91DEE84AE00D9B770 /* AddCelebrationViewController.h */ = {isa = PBXFileReference; fileEncoding = 4; lastKnownFileType = sourcecode.c.h; path = AddCelebrationViewController.h; sourceTree = "<group>"; };
		B0D38BCA1DEE84AE00D9B770 /* AddCelebrationViewController.m */ = {isa = PBXFileReference; fileEncoding = 4; lastKnownFileType = sourcecode.c.objc; path = AddCelebrationViewController.m; sourceTree = "<group>"; };
		B0ECEE631DEA6AD500A215DD /* Celebration.h */ = {isa = PBXFileReference; fileEncoding = 4; lastKnownFileType = sourcecode.c.h; path = Celebration.h; sourceTree = "<group>"; };
		B0ECEE641DEA6AD500A215DD /* Celebration.m */ = {isa = PBXFileReference; fileEncoding = 4; lastKnownFileType = sourcecode.c.objc; path = Celebration.m; sourceTree = "<group>"; };
		C8FBA127A81B00766F7A9798 /* Pods-Celebrator.debug.xcconfig */ = {isa = PBXFileReference; includeInIndex = 1; lastKnownFileType = text.xcconfig; name = "Pods-Celebrator.debug.xcconfig"; path = "Pods/Target Support Files/Pods-Celebrator/Pods-Celebrator.debug.xcconfig"; sourceTree = "<group>"; };
/* End PBXFileReference section */

/* Begin PBXFrameworksBuildPhase section */
		B000CE831DEA2C86008BB9AC /* Frameworks */ = {
			isa = PBXFrameworksBuildPhase;
			buildActionMask = 2147483647;
			files = (
				2C3C024B323BB6C9B8D4D73D /* libPods-Celebrator.a in Frameworks */,
			);
			runOnlyForDeploymentPostprocessing = 0;
		};
/* End PBXFrameworksBuildPhase section */

/* Begin PBXGroup section */
		3E10238E1B3D8FE03279838E /* Pods */ = {
			isa = PBXGroup;
			children = (
				C8FBA127A81B00766F7A9798 /* Pods-Celebrator.debug.xcconfig */,
				880037F9CC4A4A6BCB0BEA17 /* Pods-Celebrator.release.xcconfig */,
			);
			name = Pods;
			sourceTree = "<group>";
		};
		62F7A0BF85CD6FAD4FCA34B6 /* Frameworks */ = {
			isa = PBXGroup;
			children = (
				12A21319DD29ABDBCFAFE7FE /* libPods-Celebrator.a */,
			);
			name = Frameworks;
			sourceTree = "<group>";
		};
		B000CE7D1DEA2C86008BB9AC = {
			isa = PBXGroup;
			children = (
				B000CE881DEA2C86008BB9AC /* Celebrator */,
				B000CE871DEA2C86008BB9AC /* Products */,
				3E10238E1B3D8FE03279838E /* Pods */,
				62F7A0BF85CD6FAD4FCA34B6 /* Frameworks */,
			);
			sourceTree = "<group>";
		};
		B000CE871DEA2C86008BB9AC /* Products */ = {
			isa = PBXGroup;
			children = (
				B000CE861DEA2C86008BB9AC /* Celebrator.app */,
			);
			name = Products;
			sourceTree = "<group>";
		};
		B000CE881DEA2C86008BB9AC /* Celebrator */ = {
			isa = PBXGroup;
			children = (
				B0ECEE371DEA4B8B00A215DD /* Model */,
				B0ECEE361DEA4B8500A215DD /* Controller */,
				B0ECEE351DEA4B7F00A215DD /* View */,
				B0ECEE341DEA4B7700A215DD /* UI */,
				B000CE951DEA2C86008BB9AC /* Assets.xcassets */,
				B000CE9A1DEA2C86008BB9AC /* Info.plist */,
				B000CE891DEA2C86008BB9AC /* Supporting Files */,
			);
			path = Celebrator;
			sourceTree = "<group>";
		};
		B000CE891DEA2C86008BB9AC /* Supporting Files */ = {
			isa = PBXGroup;
			children = (
				B000CE8A1DEA2C86008BB9AC /* main.m */,
			);
			name = "Supporting Files";
			sourceTree = "<group>";
		};
		B0ECEE341DEA4B7700A215DD /* UI */ = {
			isa = PBXGroup;
			children = (
				B000CE921DEA2C86008BB9AC /* Main.storyboard */,
				B000CE971DEA2C86008BB9AC /* LaunchScreen.storyboard */,
				B04D8EB51DECE7CB0082C9C1 /* CalendarBranch.storyboard */,
				B04D8EB71DECE7E80082C9C1 /* RecipientBranch.storyboard */,
				B04D8EB91DECE8210082C9C1 /* ListBranch.storyboard */,
			);
			name = UI;
			sourceTree = "<group>";
		};
		B0ECEE351DEA4B7F00A215DD /* View */ = {
			isa = PBXGroup;
			children = (
				B02EFFCF1DECEFE1000DCA97 /* CalendarDetailView.h */,
				B02EFFD01DECEFE1000DCA97 /* CalendarDetailView.m */,
				522E8D761DEE143F006C38D6 /* RecipientListView.h */,
				522E8D771DEE143F006C38D6 /* RecipientListView.m */,
				522E8D791DEE14DF006C38D6 /* ListViewCell.h */,
				522E8D7A1DEE14DF006C38D6 /* ListViewCell.m */,
				B048A8FF1DEFDB1200830A3B /* CalendarTableViewCell.h */,
				B048A9001DEFDB1200830A3B /* CalendarTableViewCell.m */,
				B055057E1DF08D48003991C0 /* CalendarDetailTableViewCell.h */,
				B055057F1DF08D48003991C0 /* CalendarDetailTableViewCell.m */,
			);
			name = View;
			sourceTree = "<group>";
		};
		B0ECEE361DEA4B8500A215DD /* Controller */ = {
			isa = PBXGroup;
			children = (
				522E8D7C1DEE39AA006C38D6 /* RecipientTableViewController.h */,
				522E8D7D1DEE39AA006C38D6 /* RecipientTableViewController.m */,
				522E8D821DEE417D006C38D6 /* RecipientListDetailViewController.h */,
				522E8D831DEE417D006C38D6 /* RecipientListDetailViewController.m */,
				B040A61D1DEA4767009BFC7F /* CalendarViewController.h */,
				B040A61E1DEA4767009BFC7F /* CalendarViewController.m */,
				B02EFFD51DED101F000DCA97 /* CalendarViewControllerDelegate.h */,
				B048A8FC1DEFC43300830A3B /* CalendarTableViewController.h */,
				B048A8FD1DEFC43300830A3B /* CalendarTableViewController.m */,
				B02EFFD21DED0CCE000DCA97 /* CalDetailViewController.h */,
				B02EFFD31DED0CCE000DCA97 /* CalDetailViewController.m */,
				B075609E1DECDEE2009432A0 /* AddRecipientViewController.h */,
				B075609F1DECDEE2009432A0 /* AddRecipientViewController.m */,
				B0D38BC31DEE30F800D9B770 /* DropDownRecipientViewController.h */,
				B0D38BC41DEE30F800D9B770 /* DropDownRecipientViewController.m */,
				B0D38BC91DEE84AE00D9B770 /* AddCelebrationViewController.h */,
				B0D38BCA1DEE84AE00D9B770 /* AddCelebrationViewController.m */,
				B0D38BC61DEE6A7F00D9B770 /* CelebrationDropDown.h */,
				B0D38BC71DEE6A7F00D9B770 /* CelebrationDropDown.m */,
			);
			name = Controller;
			sourceTree = "<group>";
		};
		B0ECEE371DEA4B8B00A215DD /* Model */ = {
			isa = PBXGroup;
			children = (
				B000CE8C1DEA2C86008BB9AC /* AppDelegate.h */,
				B000CE8D1DEA2C86008BB9AC /* AppDelegate.m */,
				B0ECEE631DEA6AD500A215DD /* Celebration.h */,
				B0ECEE641DEA6AD500A215DD /* Celebration.m */,
				522E8D6F1DED12E8006C38D6 /* CelebrationRealm.h */,
				522E8D701DED12E8006C38D6 /* CelebrationRealm.m */,
				522E8D6C1DED0CC8006C38D6 /* Recipient.h */,
				522E8D6D1DED0CC8006C38D6 /* Recipient.m */,
				522E8D721DED2677006C38D6 /* ModelProtocols.h */,
			);
			name = Model;
			sourceTree = "<group>";
		};
/* End PBXGroup section */

/* Begin PBXNativeTarget section */
		B000CE851DEA2C86008BB9AC /* Celebrator */ = {
			isa = PBXNativeTarget;
			buildConfigurationList = B000CE9D1DEA2C86008BB9AC /* Build configuration list for PBXNativeTarget "Celebrator" */;
			buildPhases = (
				7D5C5F2834370B47F3BF6FB3 /* [CP] Check Pods Manifest.lock */,
				B000CE821DEA2C86008BB9AC /* Sources */,
				B000CE831DEA2C86008BB9AC /* Frameworks */,
				B000CE841DEA2C86008BB9AC /* Resources */,
				D7A28B317D226857BB52C7F8 /* [CP] Embed Pods Frameworks */,
				088879D9A21926BCC10BF76F /* [CP] Copy Pods Resources */,
			);
			buildRules = (
			);
			dependencies = (
			);
			name = Celebrator;
			productName = Celebrator;
			productReference = B000CE861DEA2C86008BB9AC /* Celebrator.app */;
			productType = "com.apple.product-type.application";
		};
/* End PBXNativeTarget section */

/* Begin PBXProject section */
		B000CE7E1DEA2C86008BB9AC /* Project object */ = {
			isa = PBXProject;
			attributes = {
				LastUpgradeCheck = 0800;
				ORGANIZATIONNAME = "Tim Beals";
				TargetAttributes = {
					B000CE851DEA2C86008BB9AC = {
						CreatedOnToolsVersion = 8.0;
						LastSwiftMigration = 0810;
						ProvisioningStyle = Automatic;
					};
				};
			};
			buildConfigurationList = B000CE811DEA2C86008BB9AC /* Build configuration list for PBXProject "Celebrator" */;
			compatibilityVersion = "Xcode 3.2";
			developmentRegion = English;
			hasScannedForEncodings = 0;
			knownRegions = (
				en,
				Base,
			);
			mainGroup = B000CE7D1DEA2C86008BB9AC;
			productRefGroup = B000CE871DEA2C86008BB9AC /* Products */;
			projectDirPath = "";
			projectRoot = "";
			targets = (
				B000CE851DEA2C86008BB9AC /* Celebrator */,
			);
		};
/* End PBXProject section */

/* Begin PBXResourcesBuildPhase section */
		B000CE841DEA2C86008BB9AC /* Resources */ = {
			isa = PBXResourcesBuildPhase;
			buildActionMask = 2147483647;
			files = (
				B04D8EB81DECE7E80082C9C1 /* RecipientBranch.storyboard in Resources */,
				B04D8EB61DECE7CB0082C9C1 /* CalendarBranch.storyboard in Resources */,
				B04D8EBA1DECE8210082C9C1 /* ListBranch.storyboard in Resources */,
				B000CE991DEA2C86008BB9AC /* LaunchScreen.storyboard in Resources */,
				B000CE961DEA2C86008BB9AC /* Assets.xcassets in Resources */,
				B000CE941DEA2C86008BB9AC /* Main.storyboard in Resources */,
			);
			runOnlyForDeploymentPostprocessing = 0;
		};
/* End PBXResourcesBuildPhase section */

/* Begin PBXShellScriptBuildPhase section */
		088879D9A21926BCC10BF76F /* [CP] Copy Pods Resources */ = {
			isa = PBXShellScriptBuildPhase;
			buildActionMask = 2147483647;
			files = (
			);
			inputPaths = (
			);
			name = "[CP] Copy Pods Resources";
			outputPaths = (
			);
			runOnlyForDeploymentPostprocessing = 0;
			shellPath = /bin/sh;
			shellScript = "\"${SRCROOT}/Pods/Target Support Files/Pods-Celebrator/Pods-Celebrator-resources.sh\"\n";
			showEnvVarsInLog = 0;
		};
		7D5C5F2834370B47F3BF6FB3 /* [CP] Check Pods Manifest.lock */ = {
			isa = PBXShellScriptBuildPhase;
			buildActionMask = 2147483647;
			files = (
			);
			inputPaths = (
			);
			name = "[CP] Check Pods Manifest.lock";
			outputPaths = (
			);
			runOnlyForDeploymentPostprocessing = 0;
			shellPath = /bin/sh;
			shellScript = "diff \"${PODS_ROOT}/../Podfile.lock\" \"${PODS_ROOT}/Manifest.lock\" > /dev/null\nif [ $? != 0 ] ; then\n    # print error to STDERR\n    echo \"error: The sandbox is not in sync with the Podfile.lock. Run 'pod install' or update your CocoaPods installation.\" >&2\n    exit 1\nfi\n";
			showEnvVarsInLog = 0;
		};
		D7A28B317D226857BB52C7F8 /* [CP] Embed Pods Frameworks */ = {
			isa = PBXShellScriptBuildPhase;
			buildActionMask = 2147483647;
			files = (
			);
			inputPaths = (
			);
			name = "[CP] Embed Pods Frameworks";
			outputPaths = (
			);
			runOnlyForDeploymentPostprocessing = 0;
			shellPath = /bin/sh;
			shellScript = "\"${SRCROOT}/Pods/Target Support Files/Pods-Celebrator/Pods-Celebrator-frameworks.sh\"\n";
			showEnvVarsInLog = 0;
		};
/* End PBXShellScriptBuildPhase section */

/* Begin PBXSourcesBuildPhase section */
		B000CE821DEA2C86008BB9AC /* Sources */ = {
			isa = PBXSourcesBuildPhase;
			buildActionMask = 2147483647;
			files = (
				B02EFFD11DECEFE1000DCA97 /* CalendarDetailView.m in Sources */,
				B07560A41DECE03E009432A0 /* Celebration.m in Sources */,
				522E8D6E1DED0CC8006C38D6 /* Recipient.m in Sources */,
				B07560A01DECDEE2009432A0 /* AddRecipientViewController.m in Sources */,
				B048A8FE1DEFC43300830A3B /* CalendarTableViewController.m in Sources */,
				522E8D7E1DEE39AA006C38D6 /* RecipientTableViewController.m in Sources */,
				B0D38BC81DEE6A7F00D9B770 /* CelebrationDropDown.m in Sources */,
				522E8D7B1DEE14DF006C38D6 /* ListViewCell.m in Sources */,
				B040A61F1DEA4767009BFC7F /* CalendarViewController.m in Sources */,
				522E8D781DEE143F006C38D6 /* RecipientListView.m in Sources */,
				B0D38BCB1DEE84AE00D9B770 /* AddCelebrationViewController.m in Sources */,
				522E8D711DED12E8006C38D6 /* CelebrationRealm.m in Sources */,
				B000CE8E1DEA2C86008BB9AC /* AppDelegate.m in Sources */,
				B02EFFD41DED0CCE000DCA97 /* CalDetailViewController.m in Sources */,
				B000CE8B1DEA2C86008BB9AC /* main.m in Sources */,
				B05505801DF08D48003991C0 /* CalendarDetailTableViewCell.m in Sources */,
				B048A9011DEFDB1200830A3B /* CalendarTableViewCell.m in Sources */,
				522E8D841DEE417D006C38D6 /* RecipientListDetailViewController.m in Sources */,
				B0D38BC51DEE30F800D9B770 /* DropDownRecipientViewController.m in Sources */,
			);
			runOnlyForDeploymentPostprocessing = 0;
		};
/* End PBXSourcesBuildPhase section */

/* Begin PBXVariantGroup section */
		B000CE921DEA2C86008BB9AC /* Main.storyboard */ = {
			isa = PBXVariantGroup;
			children = (
				B000CE931DEA2C86008BB9AC /* Base */,
			);
			name = Main.storyboard;
			sourceTree = "<group>";
		};
		B000CE971DEA2C86008BB9AC /* LaunchScreen.storyboard */ = {
			isa = PBXVariantGroup;
			children = (
				B000CE981DEA2C86008BB9AC /* Base */,
			);
			name = LaunchScreen.storyboard;
			sourceTree = "<group>";
		};
/* End PBXVariantGroup section */

/* Begin XCBuildConfiguration section */
		B000CE9B1DEA2C86008BB9AC /* Debug */ = {
			isa = XCBuildConfiguration;
			buildSettings = {
				ALWAYS_SEARCH_USER_PATHS = NO;
				CLANG_ANALYZER_NONNULL = YES;
				CLANG_CXX_LANGUAGE_STANDARD = "gnu++0x";
				CLANG_CXX_LIBRARY = "libc++";
				CLANG_ENABLE_MODULES = YES;
				CLANG_ENABLE_OBJC_ARC = YES;
				CLANG_WARN_BOOL_CONVERSION = YES;
				CLANG_WARN_CONSTANT_CONVERSION = YES;
				CLANG_WARN_DIRECT_OBJC_ISA_USAGE = YES_ERROR;
				CLANG_WARN_DOCUMENTATION_COMMENTS = YES;
				CLANG_WARN_EMPTY_BODY = YES;
				CLANG_WARN_ENUM_CONVERSION = YES;
				CLANG_WARN_INFINITE_RECURSION = YES;
				CLANG_WARN_INT_CONVERSION = YES;
				CLANG_WARN_OBJC_ROOT_CLASS = YES_ERROR;
				CLANG_WARN_SUSPICIOUS_MOVES = YES;
				CLANG_WARN_UNREACHABLE_CODE = YES;
				CLANG_WARN__DUPLICATE_METHOD_MATCH = YES;
				"CODE_SIGN_IDENTITY[sdk=iphoneos*]" = "iPhone Developer";
				COPY_PHASE_STRIP = NO;
				DEBUG_INFORMATION_FORMAT = dwarf;
				ENABLE_STRICT_OBJC_MSGSEND = YES;
				ENABLE_TESTABILITY = YES;
				GCC_C_LANGUAGE_STANDARD = gnu99;
				GCC_DYNAMIC_NO_PIC = NO;
				GCC_NO_COMMON_BLOCKS = YES;
				GCC_OPTIMIZATION_LEVEL = 0;
				GCC_PREPROCESSOR_DEFINITIONS = (
					"DEBUG=1",
					"$(inherited)",
				);
				GCC_WARN_64_TO_32_BIT_CONVERSION = YES;
				GCC_WARN_ABOUT_RETURN_TYPE = YES_ERROR;
				GCC_WARN_UNDECLARED_SELECTOR = YES;
				GCC_WARN_UNINITIALIZED_AUTOS = YES_AGGRESSIVE;
				GCC_WARN_UNUSED_FUNCTION = YES;
				GCC_WARN_UNUSED_VARIABLE = YES;
				IPHONEOS_DEPLOYMENT_TARGET = 10.0;
				MTL_ENABLE_DEBUG_INFO = YES;
				ONLY_ACTIVE_ARCH = YES;
				SDKROOT = iphoneos;
				TARGETED_DEVICE_FAMILY = "1,2";
			};
			name = Debug;
		};
		B000CE9C1DEA2C86008BB9AC /* Release */ = {
			isa = XCBuildConfiguration;
			buildSettings = {
				ALWAYS_SEARCH_USER_PATHS = NO;
				CLANG_ANALYZER_NONNULL = YES;
				CLANG_CXX_LANGUAGE_STANDARD = "gnu++0x";
				CLANG_CXX_LIBRARY = "libc++";
				CLANG_ENABLE_MODULES = YES;
				CLANG_ENABLE_OBJC_ARC = YES;
				CLANG_WARN_BOOL_CONVERSION = YES;
				CLANG_WARN_CONSTANT_CONVERSION = YES;
				CLANG_WARN_DIRECT_OBJC_ISA_USAGE = YES_ERROR;
				CLANG_WARN_DOCUMENTATION_COMMENTS = YES;
				CLANG_WARN_EMPTY_BODY = YES;
				CLANG_WARN_ENUM_CONVERSION = YES;
				CLANG_WARN_INFINITE_RECURSION = YES;
				CLANG_WARN_INT_CONVERSION = YES;
				CLANG_WARN_OBJC_ROOT_CLASS = YES_ERROR;
				CLANG_WARN_SUSPICIOUS_MOVES = YES;
				CLANG_WARN_UNREACHABLE_CODE = YES;
				CLANG_WARN__DUPLICATE_METHOD_MATCH = YES;
				"CODE_SIGN_IDENTITY[sdk=iphoneos*]" = "iPhone Developer";
				COPY_PHASE_STRIP = NO;
				DEBUG_INFORMATION_FORMAT = "dwarf-with-dsym";
				ENABLE_NS_ASSERTIONS = NO;
				ENABLE_STRICT_OBJC_MSGSEND = YES;
				GCC_C_LANGUAGE_STANDARD = gnu99;
				GCC_NO_COMMON_BLOCKS = YES;
				GCC_WARN_64_TO_32_BIT_CONVERSION = YES;
				GCC_WARN_ABOUT_RETURN_TYPE = YES_ERROR;
				GCC_WARN_UNDECLARED_SELECTOR = YES;
				GCC_WARN_UNINITIALIZED_AUTOS = YES_AGGRESSIVE;
				GCC_WARN_UNUSED_FUNCTION = YES;
				GCC_WARN_UNUSED_VARIABLE = YES;
				IPHONEOS_DEPLOYMENT_TARGET = 10.0;
				MTL_ENABLE_DEBUG_INFO = NO;
				SDKROOT = iphoneos;
				TARGETED_DEVICE_FAMILY = "1,2";
				VALIDATE_PRODUCT = YES;
			};
			name = Release;
		};
		B000CE9E1DEA2C86008BB9AC /* Debug */ = {
			isa = XCBuildConfiguration;
			baseConfigurationReference = C8FBA127A81B00766F7A9798 /* Pods-Celebrator.debug.xcconfig */;
			buildSettings = {
				ASSETCATALOG_COMPILER_APPICON_NAME = AppIcon;
				CLANG_ENABLE_MODULES = YES;
				FRAMEWORK_SEARCH_PATHS = (
					"$(inherited)",
					"$(PROJECT_DIR)",
				);
				INFOPLIST_FILE = Celebrator/Info.plist;
				LD_RUNPATH_SEARCH_PATHS = "$(inherited) @executable_path/Frameworks";
				PRODUCT_BUNDLE_IDENTIFIER = com.timbeals.Celebrator;
				PRODUCT_NAME = "$(TARGET_NAME)";
				SWIFT_OBJC_BRIDGING_HEADER = "Celebrator/Celebrator-Bridging-Header.h";
				SWIFT_OPTIMIZATION_LEVEL = "-Onone";
				SWIFT_VERSION = 3.0;
			};
			name = Debug;
		};
		B000CE9F1DEA2C86008BB9AC /* Release */ = {
			isa = XCBuildConfiguration;
			baseConfigurationReference = 880037F9CC4A4A6BCB0BEA17 /* Pods-Celebrator.release.xcconfig */;
			buildSettings = {
				ASSETCATALOG_COMPILER_APPICON_NAME = AppIcon;
				CLANG_ENABLE_MODULES = YES;
				FRAMEWORK_SEARCH_PATHS = (
					"$(inherited)",
					"$(PROJECT_DIR)",
				);
				INFOPLIST_FILE = Celebrator/Info.plist;
				LD_RUNPATH_SEARCH_PATHS = "$(inherited) @executable_path/Frameworks";
				PRODUCT_BUNDLE_IDENTIFIER = com.timbeals.Celebrator;
				PRODUCT_NAME = "$(TARGET_NAME)";
				SWIFT_OBJC_BRIDGING_HEADER = "Celebrator/Celebrator-Bridging-Header.h";
				SWIFT_VERSION = 3.0;
			};
			name = Release;
		};
/* End XCBuildConfiguration section */

/* Begin XCConfigurationList section */
		B000CE811DEA2C86008BB9AC /* Build configuration list for PBXProject "Celebrator" */ = {
			isa = XCConfigurationList;
			buildConfigurations = (
				B000CE9B1DEA2C86008BB9AC /* Debug */,
				B000CE9C1DEA2C86008BB9AC /* Release */,
			);
			defaultConfigurationIsVisible = 0;
			defaultConfigurationName = Release;
		};
		B000CE9D1DEA2C86008BB9AC /* Build configuration list for PBXNativeTarget "Celebrator" */ = {
			isa = XCConfigurationList;
			buildConfigurations = (
				B000CE9E1DEA2C86008BB9AC /* Debug */,
				B000CE9F1DEA2C86008BB9AC /* Release */,
			);
			defaultConfigurationIsVisible = 0;
			defaultConfigurationName = Release;
		};
/* End XCConfigurationList section */
	};
	rootObject = B000CE7E1DEA2C86008BB9AC /* Project object */;
}
